
Microsoft Visual Studio Solution File, Format Version 12.00
# Visual Studio Version 17
VisualStudioVersion = 17.5.002.0
MinimumVisualStudioVersion = 10.0.40219.1
Project("{2150E333-8FDC-42A3-9474-1A3956D46DE8}") = "start", "start", "{6178B3D2-C9C6-438B-9841-81EC8E683E61}"
EndProject
Project("{9A19103F-16F7-4668-BE54-9A1E7A4F7556}") = "helloworld", "start\helloworld\helloworld.csproj", "{6F2C4DA0-95E2-4CE5-950F-C1FDEC960671}"
EndProject
Global
	GlobalSection(SolutionConfigurationPlatforms) = preSolution
		Debug|Any CPU = Debug|Any CPU
		Release|Any CPU = Release|Any CPU
	EndGlobalSection
	GlobalSection(ProjectConfigurationPlatforms) = postSolution
		{6F2C4DA0-95E2-4CE5-950F-C1FDEC960671}.Debug|Any CPU.ActiveCfg = Debug|Any CPU
		{6F2C4DA0-95E2-4CE5-950F-C1FDEC960671}.Debug|Any CPU.Build.0 = Debug|Any CPU
		{6F2C4DA0-95E2-4CE5-950F-C1FDEC960671}.Release|Any CPU.ActiveCfg = Release|Any CPU
		{6F2C4DA0-95E2-4CE5-950F-C1FDEC960671}.Release|Any CPU.Build.0 = Release|Any CPU
	EndGlobalSection
	GlobalSection(SolutionProperties) = preSolution
		HideSolutionNode = FALSE
	EndGlobalSection
	GlobalSection(NestedProjects) = preSolution
		{6F2C4DA0-95E2-4CE5-950F-C1FDEC960671} = {6178B3D2-C9C6-438B-9841-81EC8E683E61}
	EndGlobalSection
	GlobalSection(ExtensibilityGlobals) = postSolution
		SolutionGuid = {CE4F6969-22AA-4E0E-8503-8A0A5F960360}
	EndGlobalSection
EndGlobal
